version = 1
revision = 3
requires-python = ">=3.11"

[[package]]
name = "img2svg-bench"
version = "0.1.0"
source = { virtual = "." }
dependencies = [
    { name = "pillow" },
    { name = "vtracer" },
]

[package.metadata]
requires-dist = [
    { name = "pillow", specifier = ">=12.1.1" },
    { name = "vtracer", specifier = ">=0.6.15" },
]

[[package]]
name = "pillow"
version = "12.1.1"
source = { registry = "https://pypi.org/simple" }
sdist = { url = "https://files.pythonhosted.org/packages/1f/42/5c74462b4fd957fcd7b13b04fb3205ff8349236ea74c7c375766d6c82288/pillow-12.1.1.tar.gz", hash = "sha256:9ad8fa5937ab05218e2b6a4cff30295ad35afd2f83ac592e68c0d871bb0fdbc4", size = 46980264, upload-time = "2026-02-11T04:23:07.146Z" }
wheels = [
    { url = "https://files.pythonhosted.org/packages/2b/46/5da1ec4a5171ee7bf1a0efa064aba70ba3d6e0788ce3f5acd1375d23c8c0/pillow-12.1.1-cp311-cp311-macosx_10_10_x86_64.whl", hash = "sha256:e879bb6cd5c73848ef3b2b48b8af9ff08c5b71ecda8048b7dd22d8a33f60be32", size = 5304084, upload-time = "2026-02-11T04:20:27.501Z" },
    { url = "https://files.pythonhosted.org/packages/78/93/a29e9bc02d1cf557a834da780ceccd54e02421627200696fcf805ebdc3fb/pillow-12.1.1-cp311-cp311-macosx_11_0_arm64.whl", hash = "sha256:365b10bb9417dd4498c0e3b128018c4a624dc11c7b97d8cc54effe3b096f4c38", size = 4657866, upload-time = "2026-02-11T04:20:29.827Z" },
    { url = "https://files.pythonhosted.org/packages/13/84/583a4558d492a179d31e4aae32eadce94b9acf49c0337c4ce0b70e0a01f2/pillow-12.1.1-cp311-cp311-manylinux2014_aarch64.manylinux_2_17_aarch64.whl", hash = "sha256:d4ce8e329c93845720cd2014659ca67eac35f6433fd3050393d85f3ecef0dad5", size = 6232148, upload-time = "2026-02-11T04:20:31.329Z" },
    { url = "https://files.pythonhosted.org/packages/d5/e2/53c43334bbbb2d3b938978532fbda8e62bb6e0b23a26ce8592f36bcc4987/pillow-12.1.1-cp311-cp311-manylinux2014_x86_64.manylinux_2_17_x86_64.whl", hash = "sha256:fc354a04072b765eccf2204f588a7a532c9511e8b9c7f900e1b64e3e33487090", size = 8038007, upload-time = "2026-02-11T04:20:34.225Z" },
    { url = "https://files.pythonhosted.org/packages/b8/a6/3d0e79c8a9d58150dd98e199d7c1c56861027f3829a3a60b3c2784190180/pillow-12.1.1-cp311-cp311-manylinux_2_27_aarch64.manylinux_2_28_aarch64.whl", hash = "sha256:7e7976bf1910a8116b523b9f9f58bf410f3e8aa330cd9a2bb2953f9266ab49af", size = 6345418, upload-time = "2026-02-11T04:20:35.858Z" },
    { url = "https://files.pythonhosted.org/packages/a2/c8/46dfeac5825e600579157eea177be43e2f7ff4a99da9d0d0a49533509ac5/pillow-12.1.1-cp311-cp311-manylinux_2_27_x86_64.manylinux_2_28_x86_64.whl", hash = "sha256:597bd9c8419bc7c6af5604e55847789b69123bbe25d65cc6ad3012b4f3c98d8b", size = 7034590, upload-time = "2026-02-11T04:20:37.91Z" },
    { url = "https://files.pythonhosted.org/packages/af/bf/e6f65d3db8a8bbfeaf9e13cc0417813f6319863a73de934f14b2229ada18/pillow-12.1.1-cp311-cp311-musllinux_1_2_aarch64.whl", hash = "sha256:2c1fc0f2ca5f96a3c8407e41cca26a16e46b21060fe6d5b099d2cb01412222f5", size = 6458655, upload-time = "2026-02-11T04:20:39.496Z" },
    { url = "https://files.pythonhosted.org/packages/f9/c2/66091f3f34a25894ca129362e510b956ef26f8fb67a0e6417bc5744e56f1/pillow-12.1.1-cp311-cp311-musllinux_1_2_x86_64.whl", hash = "sha256:578510d88c6229d735855e1f278aa305270438d36a05031dfaae5067cc8eb04d", size = 7159286, upload-time = "2026-02-11T04:20:41.139Z" },
    { url = "https://files.pythonhosted.org/packages/7b/5a/24bc8eb526a22f957d0cec6243146744966d40857e3d8deb68f7902ca6c1/pillow-12.1.1-cp311-cp311-win32.whl", hash = "sha256:7311c0a0dcadb89b36b7025dfd8326ecfa36964e29913074d47382706e516a7c", size = 6328663, upload-time = "2026-02-11T04:20:43.184Z" },
    { url = "https://files.pythonhosted.org/packages/31/03/bef822e4f2d8f9d7448c133d0a18185d3cce3e70472774fffefe8b0ed562/pillow-12.1.1-cp311-cp311-win_amd64.whl", hash = "sha256:fbfa2a7c10cc2623f412753cddf391c7f971c52ca40a3f65dc5039b2939e8563", size = 7031448, upload-time = "2026-02-11T04:20:44.696Z" },
    { url = "https://files.pythonhosted.org/packages/49/70/f76296f53610bd17b2e7d31728b8b7825e3ac3b5b3688b51f52eab7c0818/pillow-12.1.1-cp311-cp311-win_arm64.whl", hash = "sha256:b81b5e3511211631b3f672a595e3221252c90af017e399056d0faabb9538aa80", size = 2453651, upload-time = "2026-02-11T04:20:46.243Z" },
    { url = "https://files.pythonhosted.org/packages/07/d3/8df65da0d4df36b094351dce696f2989bec731d4f10e743b1c5f4da4d3bf/pillow-12.1.1-cp312-cp312-macosx_10_13_x86_64.whl", hash = "sha256:ab323b787d6e18b3d91a72fc99b1a2c28651e4358749842b8f8dfacd28ef2052", size = 5262803, upload-time = "2026-02-11T04:20:47.653Z" },
    { url = "https://files.pythonhosted.org/packages/d6/71/5026395b290ff404b836e636f51d7297e6c83beceaa87c592718747e670f/pillow-12.1.1-cp312-cp312-macosx_11_0_arm64.whl", hash = "sha256:adebb5bee0f0af4909c30db0d890c773d1a92ffe83da908e2e9e720f8edf3984", size = 4657601, upload-time = "2026-02-11T04:20:49.328Z" },
    { url = "https://files.pythonhosted.org/packages/b1/2e/1001613d941c67442f745aff0f7cc66dd8df9a9c084eb497e6a543ee6f7e/pillow-12.1.1-cp312-cp312-manylinux2014_aarch64.manylinux_2_17_aarch64.whl", hash = "sha256:bb66b7cc26f50977108790e2456b7921e773f23db5630261102233eb355a3b79", size = 6234995, upload-time = "2026-02-11T04:20:51.032Z" },
    { url = "https://files.pythonhosted.org/packages/07/26/246ab11455b2549b9233dbd44d358d033a2f780fa9007b61a913c5b2d24e/pillow-12.1.1-cp312-cp312-manylinux2014_x86_64.manylinux_2_17_x86_64.whl", hash = "sha256:aee2810642b2898bb187ced9b349e95d2a7272930796e022efaf12e99dccd293", size = 8045012, upload-time = "2026-02-11T04:20:52.882Z" },
    { url = "https://files.pythonhosted.org/packages/b2/8b/07587069c27be7535ac1fe33874e32de118fbd34e2a73b7f83436a88368c/pillow-12.1.1-cp312-cp312-manylinux_2_27_aarch64.manylinux_2_28_aarch64.whl", hash = "sha256:a0b1cd6232e2b618adcc54d9882e4e662a089d5768cd188f7c245b4c8c44a397", size = 6349638, upload-time = "2026-02-11T04:20:54.444Z" },
    { url = "https://files.pythonhosted.org/packages/ff/79/6df7b2ee763d619cda2fb4fea498e5f79d984dae304d45a8999b80d6cf5c/pillow-12.1.1-cp312-cp312-manylinux_2_27_x86_64.manylinux_2_28_x86_64.whl", hash = "sha256:7aac39bcf8d4770d089588a2e1dd111cbaa42df5a94be3114222057d68336bd0", size = 7041540, upload-time = "2026-02-11T04:20:55.97Z" },
    { url = "https://files.pythonhosted.org/packages/2c/5e/2ba19e7e7236d7529f4d873bdaf317a318896bac289abebd4bb00ef247f0/pillow-12.1.1-cp312-cp312-musllinux_1_2_aarch64.whl", hash = "sha256:ab174cd7d29a62dd139c44bf74b698039328f45cb03b4596c43473a46656b2f3", size = 6462613, upload-time = "2026-02-11T04:20:57.542Z" },
    { url = "https://files.pythonhosted.org/packages/03/03/31216ec124bb5c3dacd74ce8efff4cc7f52643653bad4825f8f08c697743/pillow-12.1.1-cp312-cp312-musllinux_1_2_x86_64.whl", hash = "sha256:339ffdcb7cbeaa08221cd401d517d4b1fe7a9ed5d400e4a8039719238620ca35", size = 7166745, upload-time = "2026-02-11T04:20:59.196Z" },
    { url = "https://files.pythonhosted.org/packages/1f/e7/7c4552d80052337eb28653b617eafdef39adfb137c49dd7e831b8dc13bc5/pillow-12.1.1-cp312-cp312-win32.whl", hash = "sha256:5d1f9575a12bed9e9eedd9a4972834b08c97a352bd17955ccdebfeca5913fa0a", size = 6328823, upload-time = "2026-02-11T04:21:01.385Z" },
    { url = "https://files.pythonhosted.org/packages/3d/17/688626d192d7261bbbf98846fc98995726bddc2c945344b65bec3a29d731/pillow-12.1.1-cp312-cp312-win_amd64.whl", hash = "sha256:21329ec8c96c6e979cd0dfd29406c40c1d52521a90544463057d2aaa937d66a6", size = 7033367, upload-time = "2026-02-11T04:21:03.536Z" },
    { url = "https://files.pythonhosted.org/packages/ed/fe/a0ef1f73f939b0eca03ee2c108d0043a87468664770612602c63266a43c4/pillow-12.1.1-cp312-cp312-win_arm64.whl", hash = "sha256:af9a332e572978f0218686636610555ae3defd1633597be015ed50289a03c523", size = 2453811, upload-time = "2026-02-11T04:21:05.116Z" },
    { url = "https://files.pythonhosted.org/packages/d5/11/6db24d4bd7685583caeae54b7009584e38da3c3d4488ed4cd25b439de486/pillow-12.1.1-cp313-cp313-ios_13_0_arm64_iphoneos.whl", hash = "sha256:d242e8ac078781f1de88bf823d70c1a9b3c7950a44cdf4b7c012e22ccbcd8e4e", size = 4062689, upload-time = "2026-02-11T04:21:06.804Z" },
    { url = "https://files.pythonhosted.org/packages/33/c0/ce6d3b1fe190f0021203e0d9b5b99e57843e345f15f9ef22fcd43842fd21/pillow-12.1.1-cp313-cp313-ios_13_0_arm64_iphonesimulator.whl", hash = "sha256:02f84dfad02693676692746df05b89cf25597560db2857363a208e393429f5e9", size = 4138535, upload-time = "2026-02-11T04:21:08.452Z" },
    { url = "https://files.pythonhosted.org/packages/a0/c6/d5eb6a4fb32a3f9c21a8c7613ec706534ea1cf9f4b3663e99f0d83f6fca8/pillow-12.1.1-cp313-cp313-ios_13_0_x86_64_iphonesimulator.whl", hash = "sha256:e65498daf4b583091ccbb2556c7000abf0f3349fcd57ef7adc9a84a394ed29f6", size = 3601364, upload-time = "2026-02-11T04:21:10.194Z" },
    { url = "https://files.pythonhosted.org/packages/14/a1/16c4b823838ba4c9c52c0e6bbda903a3fe5a1bdbf1b8eb4fff7156f3e318/pillow-12.1.1-cp313-cp313-macosx_10_13_x86_64.whl", hash = "sha256:6c6db3b84c87d48d0088943bf33440e0c42370b99b1c2a7989216f7b42eede60", size = 5262561, upload-time = "2026-02-11T04:21:11.742Z" },
    { url = "https://files.pythonhosted.org/packages/bb/ad/ad9dc98ff24f485008aa5cdedaf1a219876f6f6c42a4626c08bc4e80b120/pillow-12.1.1-cp313-cp313-macosx_11_0_arm64.whl", hash = "sha256:8b7e5304e34942bf62e15184219a7b5ad4ff7f3bb5cca4d984f37df1a0e1aee2", size = 4657460, upload-time = "2026-02-11T04:21:13.786Z" },
    { url = "https://files.pythonhosted.org/packages/9e/1b/f1a4ea9a895b5732152789326202a82464d5254759fbacae4deea3069334/pillow-12.1.1-cp313-cp313-manylinux2014_aarch64.manylinux_2_17_aarch64.whl", hash = "sha256:18e5bddd742a44b7e6b1e773ab5db102bd7a94c32555ba656e76d319d19c3850", size = 6232698, upload-time = "2026-02-11T04:21:15.949Z" },
    { url = "https://files.pythonhosted.org/packages/95/f4/86f51b8745070daf21fd2e5b1fe0eb35d4db9ca26e6d58366562fb56a743/pillow-12.1.1-cp313-cp313-manylinux2014_x86_64.manylinux_2_17_x86_64.whl", hash = "sha256:fc44ef1f3de4f45b50ccf9136999d71abb99dca7706bc75d222ed350b9fd2289", size = 8041706, upload-time = "2026-02-11T04:21:17.723Z" },
    { url = "https://files.pythonhosted.org/packages/29/9b/d6ecd956bb1266dd1045e995cce9b8d77759e740953a1c9aad9502a0461e/pillow-12.1.1-cp313-cp313-manylinux_2_27_aarch64.manylinux_2_28_aarch64.whl", hash = "sha256:5a8eb7ed8d4198bccbd07058416eeec51686b498e784eda166395a23eb99138e", size = 6346621, upload-time = "2026-02-11T04:21:19.547Z" },
    { url = "https://files.pythonhosted.org/packages/71/24/538bff45bde96535d7d998c6fed1a751c75ac7c53c37c90dc2601b243893/pillow-12.1.1-cp313-cp313-manylinux_2_27_x86_64.manylinux_2_28_x86_64.whl", hash = "sha256:47b94983da0c642de92ced1702c5b6c292a84bd3a8e1d1702ff923f183594717", size = 7038069, upload-time = "2026-02-11T04:21:21.378Z" },
    { url = "https://files.pythonhosted.org/packages/94/0e/58cb1a6bc48f746bc4cb3adb8cabff73e2742c92b3bf7a220b7cf69b9177/pillow-12.1.1-cp313-cp313-musllinux_1_2_aarch64.whl", hash = "sha256:518a48c2aab7ce596d3bf79d0e275661b846e86e4d0e7dec34712c30fe07f02a", size = 6460040, upload-time = "2026-02-11T04:21:23.148Z" },
    { url = "https://files.pythonhosted.org/packages/6c/57/9045cb3ff11eeb6c1adce3b2d60d7d299d7b273a2e6c8381a524abfdc474/pillow-12.1.1-cp313-cp313-musllinux_1_2_x86_64.whl", hash = "sha256:a550ae29b95c6dc13cf69e2c9dc5747f814c54eeb2e32d683e5e93af56caa029", size = 7164523, upload-time = "2026-02-11T04:21:25.01Z" },
    { url = "https://files.pythonhosted.org/packages/73/f2/9be9cb99f2175f0d4dbadd6616ce1bf068ee54a28277ea1bf1fbf729c250/pillow-12.1.1-cp313-cp313-win32.whl", hash = "sha256:a003d7422449f6d1e3a34e3dd4110c22148336918ddbfc6a32581cd54b2e0b2b", size = 6332552, upload-time = "2026-02-11T04:21:27.238Z" },
    { url = "https://files.pythonhosted.org/packages/3f/eb/b0834ad8b583d7d9d42b80becff092082a1c3c156bb582590fcc973f1c7c/pillow-12.1.1-cp313-cp313-win_amd64.whl", hash = "sha256:344cf1e3dab3be4b1fa08e449323d98a2a3f819ad20f4b22e77a0ede31f0faa1", size = 7040108, upload-time = "2026-02-11T04:21:29.462Z" },
    { url = "https://files.pythonhosted.org/packages/d5/7d/fc09634e2aabdd0feabaff4a32f4a7d97789223e7c2042fd805ea4b4d2c2/pillow-12.1.1-cp313-cp313-win_arm64.whl", hash = "sha256:5c0dd1636633e7e6a0afe7bf6a51a14992b7f8e60de5789018ebbdfae55b040a", size = 2453712, upload-time = "2026-02-11T04:21:31.072Z" },
    { url = "https://files.pythonhosted.org/packages/19/2a/b9d62794fc8a0dd14c1943df68347badbd5511103e0d04c035ffe5cf2255/pillow-12.1.1-cp313-cp313t-macosx_10_13_x86_64.whl", hash = "sha256:0330d233c1a0ead844fc097a7d16c0abff4c12e856c0b325f231820fee1f39da", size = 5264880, upload-time = "2026-02-11T04:21:32.865Z" },
    { url = "https://files.pythonhosted.org/packages/26/9d/e03d857d1347fa5ed9247e123fcd2a97b6220e15e9cb73ca0a8d91702c6e/pillow-12.1.1-cp313-cp313t-macosx_11_0_arm64.whl", hash = "sha256:5dae5f21afb91322f2ff791895ddd8889e5e947ff59f71b46041c8ce6db790bc", size = 4660616, upload-time = "2026-02-11T04:21:34.97Z" },
    { url = "https://files.pythonhosted.org/packages/f7/ec/8a6d22afd02570d30954e043f09c32772bfe143ba9285e2fdb11284952cd/pillow-12.1.1-cp313-cp313t-manylinux2014_aarch64.manylinux_2_17_aarch64.whl", hash = "sha256:2e0c664be47252947d870ac0d327fea7e63985a08794758aa8af5b6cb6ec0c9c", size = 6269008, upload-time = "2026-02-11T04:21:36.623Z" },
    { url = "https://files.pythonhosted.org/packages/3d/1d/6d875422c9f28a4a361f495a5f68d9de4a66941dc2c619103ca335fa6446/pillow-12.1.1-cp313-cp313t-manylinux2014_x86_64.manylinux_2_17_x86_64.whl", hash = "sha256:691ab2ac363b8217f7d31b3497108fb1f50faab2f75dfb03284ec2f217e87bf8", size = 8073226, upload-time = "2026-02-11T04:21:38.585Z" },
    { url = "https://files.pythonhosted.org/packages/a1/cd/134b0b6ee5eda6dc09e25e24b40fdafe11a520bc725c1d0bbaa5e00bf95b/pillow-12.1.1-cp313-cp313t-manylinux_2_27_aarch64.manylinux_2_28_aarch64.whl", hash = "sha256:e9e8064fb1cc019296958595f6db671fba95209e3ceb0c4734c9baf97de04b20", size = 6380136, upload-time = "2026-02-11T04:21:40.562Z" },
    { url = "https://files.pythonhosted.org/packages/7a/a9/7628f013f18f001c1b98d8fffe3452f306a70dc6aba7d931019e0492f45e/pillow-12.1.1-cp313-cp313t-manylinux_2_27_x86_64.manylinux_2_28_x86_64.whl", hash = "sha256:472a8d7ded663e6162dafdf20015c486a7009483ca671cece7a9279b512fcb13", size = 7067129, upload-time = "2026-02-11T04:21:42.521Z" },
    { url = "https://files.pythonhosted.org/packages/1e/f8/66ab30a2193b277785601e82ee2d49f68ea575d9637e5e234faaa98efa4c/pillow-12.1.1-cp313-cp313t-musllinux_1_2_aarch64.whl", hash = "sha256:89b54027a766529136a06cfebeecb3a04900397a3590fd252160b888479517bf", size = 6491807, upload-time = "2026-02-11T04:21:44.22Z" },
    { url = "https://files.pythonhosted.org/packages/da/0b/a877a6627dc8318fdb84e357c5e1a758c0941ab1ddffdafd231983788579/pillow-12.1.1-cp313-cp313t-musllinux_1_2_x86_64.whl", hash = "sha256:86172b0831b82ce4f7877f280055892b31179e1576aa00d0df3bb1bbf8c3e524", size = 7190954, upload-time = "2026-02-11T04:21:46.114Z" },
    { url = "https://files.pythonhosted.org/packages/83/43/6f732ff85743cf746b1361b91665d9f5155e1483817f693f8d57ea93147f/pillow-12.1.1-cp313-cp313t-win32.whl", hash = "sha256:44ce27545b6efcf0fdbdceb31c9a5bdea9333e664cda58a7e674bb74608b3986", size = 6336441, upload-time = "2026-02-11T04:21:48.22Z" },
    { url = "https://files.pythonhosted.org/packages/3b/44/e865ef3986611bb75bfabdf94a590016ea327833f434558801122979cd0e/pillow-12.1.1-cp313-cp313t-win_amd64.whl", hash = "sha256:a285e3eb7a5a45a2ff504e31f4a8d1b12ef62e84e5411c6804a42197c1cf586c", size = 7045383, upload-time = "2026-02-11T04:21:50.015Z" },
    { url = "https://files.pythonhosted.org/packages/a8/c6/f4fb24268d0c6908b9f04143697ea18b0379490cb74ba9e8d41b898bd005/pillow-12.1.1-cp313-cp313t-win_arm64.whl", hash = "sha256:cc7d296b5ea4d29e6570dabeaed58d31c3fea35a633a69679fb03d7664f43fb3", size = 2456104, upload-time = "2026-02-11T04:21:51.633Z" },
    { url = "https://files.pythonhosted.org/packages/03/d0/bebb3ffbf31c5a8e97241476c4cf8b9828954693ce6744b4a2326af3e16b/pillow-12.1.1-cp314-cp314-ios_13_0_arm64_iphoneos.whl", hash = "sha256:417423db963cb4be8bac3fc1204fe61610f6abeed1580a7a2cbb2fbda20f12af", size = 4062652, upload-time = "2026-02-11T04:21:53.19Z" },
    { url = "https://files.pythonhosted.org/packages/2d/c0/0e16fb0addda4851445c28f8350d8c512f09de27bbb0d6d0bbf8b6709605/pillow-12.1.1-cp314-cp314-ios_13_0_arm64_iphonesimulator.whl", hash = "sha256:b957b71c6b2387610f556a7eb0828afbe40b4a98036fc0d2acfa5a44a0c2036f", size = 4138823, upload-time = "2026-02-11T04:22:03.088Z" },
    { url = "https://files.pythonhosted.org/packages/6b/fb/6170ec655d6f6bb6630a013dd7cf7bc218423d7b5fa9071bf63dc32175ae/pillow-12.1.1-cp314-cp314-ios_13_0_x86_64_iphonesimulator.whl", hash = "sha256:097690ba1f2efdeb165a20469d59d8bb03c55fb6621eb2041a060ae8ea3e9642", size = 3601143, upload-time = "2026-02-11T04:22:04.909Z" },
    { url = "https://files.pythonhosted.org/packages/59/04/dc5c3f297510ba9a6837cbb318b87dd2b8f73eb41a43cc63767f65cb599c/pillow-12.1.1-cp314-cp314-macosx_10_15_x86_64.whl", hash = "sha256:2815a87ab27848db0321fb78c7f0b2c8649dee134b7f2b80c6a45c6831d75ccd", size = 5266254, upload-time = "2026-02-11T04:22:07.656Z" },
    { url = "https://files.pythonhosted.org/packages/05/30/5db1236b0d6313f03ebf97f5e17cda9ca060f524b2fcc875149a8360b21c/pillow-12.1.1-cp314-cp314-macosx_11_0_arm64.whl", hash = "sha256:f7ed2c6543bad5a7d5530eb9e78c53132f93dfa44a28492db88b41cdab885202", size = 4657499, upload-time = "2026-02-11T04:22:09.613Z" },
    { url = "https://files.pythonhosted.org/packages/6f/18/008d2ca0eb612e81968e8be0bbae5051efba24d52debf930126d7eaacbba/pillow-12.1.1-cp314-cp314-manylinux2014_aarch64.manylinux_2_17_aarch64.whl", hash = "sha256:652a2c9ccfb556235b2b501a3a7cf3742148cd22e04b5625c5fe057ea3e3191f", size = 6232137, upload-time = "2026-02-11T04:22:11.434Z" },
    { url = "https://files.pythonhosted.org/packages/70/f1/f14d5b8eeb4b2cd62b9f9f847eb6605f103df89ef619ac68f92f748614ea/pillow-12.1.1-cp314-cp314-manylinux2014_x86_64.manylinux_2_17_x86_64.whl", hash = "sha256:d6e4571eedf43af33d0fc233a382a76e849badbccdf1ac438841308652a08e1f", size = 8042721, upload-time = "2026-02-11T04:22:13.321Z" },
    { url = "https://files.pythonhosted.org/packages/5a/d6/17824509146e4babbdabf04d8171491fa9d776f7061ff6e727522df9bd03/pillow-12.1.1-cp314-cp314-manylinux_2_27_aarch64.manylinux_2_28_aarch64.whl", hash = "sha256:b574c51cf7d5d62e9be37ba446224b59a2da26dc4c1bb2ecbe936a4fb1a7cb7f", size = 6347798, upload-time = "2026-02-11T04:22:15.449Z" },
    { url = "https://files.pythonhosted.org/packages/d1/ee/c85a38a9ab92037a75615aba572c85ea51e605265036e00c5b67dfafbfe2/pillow-12.1.1-cp314-cp314-manylinux_2_27_x86_64.manylinux_2_28_x86_64.whl", hash = "sha256:a37691702ed687799de29a518d63d4682d9016932db66d4e90c345831b02fb4e", size = 7039315, upload-time = "2026-02-11T04:22:17.24Z" },
    { url = "https://files.pythonhosted.org/packages/ec/f3/bc8ccc6e08a148290d7523bde4d9a0d6c981db34631390dc6e6ec34cacf6/pillow-12.1.1-cp314-cp314-musllinux_1_2_aarch64.whl", hash = "sha256:f95c00d5d6700b2b890479664a06e754974848afaae5e21beb4d83c106923fd0", size = 6462360, upload-time = "2026-02-11T04:22:19.111Z" },
    { url = "https://files.pythonhosted.org/packages/f6/ab/69a42656adb1d0665ab051eec58a41f169ad295cf81ad45406963105408f/pillow-12.1.1-cp314-cp314-musllinux_1_2_x86_64.whl", hash = "sha256:559b38da23606e68681337ad74622c4dbba02254fc9cb4488a305dd5975c7eeb", size = 7165438, upload-time = "2026-02-11T04:22:21.041Z" },
    { url = "https://files.pythonhosted.org/packages/02/46/81f7aa8941873f0f01d4b55cc543b0a3d03ec2ee30d617a0448bf6bd6dec/pillow-12.1.1-cp314-cp314-win32.whl", hash = "sha256:03edcc34d688572014ff223c125a3f77fb08091e4607e7745002fc214070b35f", size = 6431503, upload-time = "2026-02-11T04:22:22.833Z" },
    { url = "https://files.pythonhosted.org/packages/40/72/4c245f7d1044b67affc7f134a09ea619d4895333d35322b775b928180044/pillow-12.1.1-cp314-cp314-win_amd64.whl", hash = "sha256:50480dcd74fa63b8e78235957d302d98d98d82ccbfac4c7e12108ba9ecbdba15", size = 7176748, upload-time = "2026-02-11T04:22:24.64Z" },
    { url = "https://files.pythonhosted.org/packages/e4/ad/8a87bdbe038c5c698736e3348af5c2194ffb872ea52f11894c95f9305435/pillow-12.1.1-cp314-cp314-win_arm64.whl", hash = "sha256:5cb1785d97b0c3d1d1a16bc1d710c4a0049daefc4935f3a8f31f827f4d3d2e7f", size = 2544314, upload-time = "2026-02-11T04:22:26.685Z" },
    { url = "https://files.pythonhosted.org/packages/6c/9d/efd18493f9de13b87ede7c47e69184b9e859e4427225ea962e32e56a49bc/pillow-12.1.1-cp314-cp314t-macosx_10_15_x86_64.whl", hash = "sha256:1f90cff8aa76835cba5769f0b3121a22bd4eb9e6884cfe338216e557a9a548b8", size = 5268612, upload-time = "2026-02-11T04:22:29.884Z" },
    { url = "https://files.pythonhosted.org/packages/f8/f1/4f42eb2b388eb2ffc660dcb7f7b556c1015c53ebd5f7f754965ef997585b/pillow-12.1.1-cp314-cp314t-macosx_11_0_arm64.whl", hash = "sha256:1f1be78ce9466a7ee64bfda57bdba0f7cc499d9794d518b854816c41bf0aa4e9", size = 4660567, upload-time = "2026-02-11T04:22:31.799Z" },
    { url = "https://files.pythonhosted.org/packages/01/54/df6ef130fa43e4b82e32624a7b821a2be1c5653a5fdad8469687a7db4e00/pillow-12.1.1-cp314-cp314t-manylinux2014_aarch64.manylinux_2_17_aarch64.whl", hash = "sha256:42fc1f4677106188ad9a55562bbade416f8b55456f522430fadab3cef7cd4e60", size = 6269951, upload-time = "2026-02-11T04:22:33.921Z" },
    { url = "https://files.pythonhosted.org/packages/a9/48/618752d06cc44bb4aae8ce0cd4e6426871929ed7b46215638088270d9b34/pillow-12.1.1-cp314-cp314t-manylinux2014_x86_64.manylinux_2_17_x86_64.whl", hash = "sha256:98edb152429ab62a1818039744d8fbb3ccab98a7c29fc3d5fcef158f3f1f68b7", size = 8074769, upload-time = "2026-02-11T04:22:35.877Z" },
    { url = "https://files.pythonhosted.org/packages/c3/bd/f1d71eb39a72fa088d938655afba3e00b38018d052752f435838961127d8/pillow-12.1.1-cp314-cp314t-manylinux_2_27_aarch64.manylinux_2_28_aarch64.whl", hash = "sha256:d470ab1178551dd17fdba0fef463359c41aaa613cdcd7ff8373f54be629f9f8f", size = 6381358, upload-time = "2026-02-11T04:22:37.698Z" },
    { url = "https://files.pythonhosted.org/packages/64/ef/c784e20b96674ed36a5af839305f55616f8b4f8aa8eeccf8531a6e312243/pillow-12.1.1-cp314-cp314t-manylinux_2_27_x86_64.manylinux_2_28_x86_64.whl", hash = "sha256:6408a7b064595afcab0a49393a413732a35788f2a5092fdc6266952ed67de586", size = 7068558, upload-time = "2026-02-11T04:22:39.597Z" },
    { url = "https://files.pythonhosted.org/packages/73/cb/8059688b74422ae61278202c4e1ad992e8a2e7375227be0a21c6b87ca8d5/pillow-12.1.1-cp314-cp314t-musllinux_1_2_aarch64.whl", hash = "sha256:5d8c41325b382c07799a3682c1c258469ea2ff97103c53717b7893862d0c98ce", size = 6493028, upload-time = "2026-02-11T04:22:42.73Z" },
    { url = "https://files.pythonhosted.org/packages/c6/da/e3c008ed7d2dd1f905b15949325934510b9d1931e5df999bb15972756818/pillow-12.1.1-cp314-cp314t-musllinux_1_2_x86_64.whl", hash = "sha256:c7697918b5be27424e9ce568193efd13d925c4481dd364e43f5dff72d33e10f8", size = 7191940, upload-time = "2026-02-11T04:22:44.543Z" },
    { url = "https://files.pythonhosted.org/packages/01/4a/9202e8d11714c1fc5951f2e1ef362f2d7fbc595e1f6717971d5dd750e969/pillow-12.1.1-cp314-cp314t-win32.whl", hash = "sha256:d2912fd8114fc5545aa3a4b5576512f64c55a03f3ebcca4c10194d593d43ea36", size = 6438736, upload-time = "2026-02-11T04:22:46.347Z" },
    { url = "https://files.pythonhosted.org/packages/f3/ca/cbce2327eb9885476b3957b2e82eb12c866a8b16ad77392864ad601022ce/pillow-12.1.1-cp314-cp314t-win_amd64.whl", hash = "sha256:4ceb838d4bd9dab43e06c363cab2eebf63846d6a4aeaea283bbdfd8f1a8ed58b", size = 7182894, upload-time = "2026-02-11T04:22:48.114Z" },
    { url = "https://files.pythonhosted.org/packages/ec/d2/de599c95ba0a973b94410477f8bf0b6f0b5e67360eb89bcb1ad365258beb/pillow-12.1.1-cp314-cp314t-win_arm64.whl", hash = "sha256:7b03048319bfc6170e93bd60728a1af51d3dd7704935feb228c4d4faab35d334", size = 2546446, upload-time = "2026-02-11T04:22:50.342Z" },
    { url = "https://files.pythonhosted.org/packages/56/11/5d43209aa4cb58e0cc80127956ff1796a68b928e6324bbf06ef4db34367b/pillow-12.1.1-pp311-pypy311_pp73-macosx_10_15_x86_64.whl", hash = "sha256:600fd103672b925fe62ed08e0d874ea34d692474df6f4bf7ebe148b30f89f39f", size = 5228606, upload-time = "2026-02-11T04:22:52.106Z" },
    { url = "https://files.pythonhosted.org/packages/5f/d5/3b005b4e4fda6698b371fa6c21b097d4707585d7db99e98d9b0b87ac612a/pillow-12.1.1-pp311-pypy311_pp73-macosx_11_0_arm64.whl", hash = "sha256:665e1b916b043cef294bc54d47bf02d87e13f769bc4bc5fa225a24b3a6c5aca9", size = 4622321, upload-time = "2026-02-11T04:22:53.827Z" },
    { url = "https://files.pythonhosted.org/packages/df/36/ed3ea2d594356fd8037e5a01f6156c74bc8d92dbb0fa60746cc96cabb6e8/pillow-12.1.1-pp311-pypy311_pp73-manylinux2014_aarch64.manylinux_2_17_aarch64.whl", hash = "sha256:495c302af3aad1ca67420ddd5c7bd480c8867ad173528767d906428057a11f0e", size = 5247579, upload-time = "2026-02-11T04:22:56.094Z" },
    { url = "https://files.pythonhosted.org/packages/54/9a/9cc3e029683cf6d20ae5085da0dafc63148e3252c2f13328e553aaa13cfb/pillow-12.1.1-pp311-pypy311_pp73-manylinux2014_x86_64.manylinux_2_17_x86_64.whl", hash = "sha256:8fd420ef0c52c88b5a035a0886f367748c72147b2b8f384c9d12656678dfdfa9", size = 6989094, upload-time = "2026-02-11T04:22:58.288Z" },
    { url = "https://files.pythonhosted.org/packages/00/98/fc53ab36da80b88df0967896b6c4b4cd948a0dc5aa40a754266aa3ae48b3/pillow-12.1.1-pp311-pypy311_pp73-manylinux_2_27_aarch64.manylinux_2_28_aarch64.whl", hash = "sha256:f975aa7ef9684ce7e2c18a3aa8f8e2106ce1e46b94ab713d156b2898811651d3", size = 5313850, upload-time = "2026-02-11T04:23:00.554Z" },
    { url = "https://files.pythonhosted.org/packages/30/02/00fa585abfd9fe9d73e5f6e554dc36cc2b842898cbfc46d70353dae227f8/pillow-12.1.1-pp311-pypy311_pp73-manylinux_2_27_x86_64.manylinux_2_28_x86_64.whl", hash = "sha256:8089c852a56c2966cf18835db62d9b34fef7ba74c726ad943928d494fa7f4735", size = 5963343, upload-time = "2026-02-11T04:23:02.934Z" },
    { url = "https://files.pythonhosted.org/packages/f2/26/c56ce33ca856e358d27fda9676c055395abddb82c35ac0f593877ed4562e/pillow-12.1.1-pp311-pypy311_pp73-win_amd64.whl", hash = "sha256:cb9bb857b2d057c6dfc72ac5f3b44836924ba15721882ef103cecb40d002d80e", size = 7029880, upload-time = "2026-02-11T04:23:04.783Z" },
]

[[package]]
name = "vtracer"
version = "0.6.15"
source = { registry = "https://pypi.org/simple" }
sdist = { url = "https://files.pythonhosted.org/packages/e4/62/c3c23511ebe3d76dc679db0bb045dfd20ed3452bec12dcbbe8d655498a7d/vtracer-0.6.15.tar.gz", hash = "sha256:f7f39943d1fc8e9dc82f5360a40e941aaf4c9166d8df30c3f6a2da8cc21dfc52", size = 19662, upload-time = "2026-03-23T15:38:14.767Z" }
wheels = [
    { url = "https://files.pythonhosted.org/packages/31/f8/679b908b2d195d38040c998f7c74e933febcbc2841902fb5ab3d82267fab/vtracer-0.6.15-cp311-cp311-macosx_10_12_x86_64.whl", hash = "sha256:67c5eff820c27b864a9c468b4da79acd83522fcda600df1024f0b4c577b4ece3", size = 1006298, upload-time = "2026-03-23T15:36:44.304Z" },
    { url = "https://files.pythonhosted.org/packages/44/1a/3b982b958050b23905fb2b23e82a916948d4e791a81414d9927bf01fc85d/vtracer-0.6.15-cp311-cp311-macosx_11_0_arm64.whl", hash = "sha256:b7e67196a4306c52582b61c63a5e76836b305bd2909ab6439547be8e78fd1bcb", size = 949427, upload-time = "2026-03-23T15:35:59.777Z" },
    { url = "https://files.pythonhosted.org/packages/2e/b4/0588189d8924b443da90a2a96512a00f1e50f9db514aaad6114c35aaf207/vtracer-0.6.15-cp311-cp311-manylinux_2_17_aarch64.manylinux2014_aarch64.whl", hash = "sha256:82611cb01b91a4e9abf56d9bba4bf4350695feed36684c877cddd54822d6631e", size = 1048689, upload-time = "2026-03-23T15:37:31.036Z" },
    { url = "https://files.pythonhosted.org/packages/a4/66/253f245b9b7bb9da85303cd3c787dd4109ea2321b43fb3722c00749fea33/vtracer-0.6.15-cp311-cp311-manylinux_2_17_armv7l.manylinux2014_armv7l.whl", hash = "sha256:670a3448cbe3fb846d8636dff510b319242f92e086346aa8e8779af90855fbf1", size = 1049210, upload-time = "2026-03-23T15:37:01.13Z" },
    { url = "https://files.pythonhosted.org/packages/f8/21/3a9c36950cb77bbea77d749e35b9ca6a9ca3aa9f769623175e9f72f0026b/vtracer-0.6.15-cp311-cp311-manylinux_2_17_i686.manylinux2014_i686.whl", hash = "sha256:17acb5dcaed67097fcbaa60522bc824c18b9d5a33d9bc12b385261c793937feb", size = 1184276, upload-time = "2026-03-23T15:37:07.062Z" },
    { url = "https://files.pythonhosted.org/packages/c0/44/0ffae90f7775f22d2c80faae7ed7d9d2b0e78804b293f66f4dc5b968486b/vtracer-0.6.15-cp311-cp311-manylinux_2_17_ppc64le.manylinux2014_ppc64le.whl", hash = "sha256:5ff0bf82e912adbbb57a8c617f715b9de188f6b78ab86f6113d0476b03f82644", size = 1249935, upload-time = "2026-03-23T15:37:02.334Z" },
    { url = "https://files.pythonhosted.org/packages/1c/ad/16dbb9d6f627d31de66a7812ff97231c6ecacee405795ef856b6b05b37c9/vtracer-0.6.15-cp311-cp311-manylinux_2_17_s390x.manylinux2014_s390x.whl", hash = "sha256:db5b1187c39a52b122b8d6802e28b0e5b5a984782c1520b1cf20b79831530881", size = 1085678, upload-time = "2026-03-23T15:36:07.763Z" },
    { url = "https://files.pythonhosted.org/packages/cd/7d/93d5382cc3e058d8f30b510db629d74a38f34049da878fae084ed996ed9e/vtracer-0.6.15-cp311-cp311-manylinux_2_17_x86_64.manylinux2014_x86_64.whl", hash = "sha256:b340b2fcf1049e6a036c06b4c78fb0e39e28bd8e220f8d4dff6abd34dee100ea", size = 1088421, upload-time = "2026-03-23T15:36:40.958Z" },
    { url = "https://files.pythonhosted.org/packages/87/24/79b9bf362bd85d3fd73cfab624e5c46754f95919dd8735448c9fa3b3739f/vtracer-0.6.15-cp311-cp311-musllinux_1_2_aarch64.whl", hash = "sha256:9d48ee2ef3f0906d19b620e856101216d95a94aa1ae1e0363b45df94852897ae", size = 1223701, upload-time = "2026-03-23T15:36:45.475Z" },
    { url = "https://files.pythonhosted.org/packages/02/e5/fc49eef66685228b39e5011b9f8a067ff574c98725c2a1cb52914784fcfc/vtracer-0.6.15-cp311-cp311-musllinux_1_2_armv7l.whl", hash = "sha256:686cc5dbd72599b435400806964c900713832286804ad31c57235ed4f883d712", size = 1325575, upload-time = "2026-03-23T15:35:41.122Z" },
    { url = "https://files.pythonhosted.org/packages/f4/36/a7148309a52a12873eb99276a864bb371280631c8101efefbc15278d6d03/vtracer-0.6.15-cp311-cp311-musllinux_1_2_i686.whl", hash = "sha256:e7ae23edff2072e3a08741fd1a4f467fdab094747f5fdd24230240bb7e8580ef", size = 1346553, upload-time = "2026-03-23T15:38:24.714Z" },
    { url = "https://files.pythonhosted.org/packages/6e/6c/07d485d265455e14476fec6ff03e6e353671ea5a802d0897ec026c266c83/vtracer-0.6.15-cp311-cp311-musllinux_1_2_x86_64.whl", hash = "sha256:1e4c75c3b5ebc3ea59306db13877c6f64257d3fed65f611130bf15284f2f9337", size = 1286245, upload-time = "2026-03-23T15:37:26.738Z" },
    { url = "https://files.pythonhosted.org/packages/a4/c7/f9713851aff5a1279393313ba0e0001d4c1d836705ca1657a8c4d3e15c49/vtracer-0.6.15-cp311-cp311-win_amd64.whl", hash = "sha256:ca841409db95409ab810fda8185ae2c3fc8761bb1b96c3125f372a0dbc84eaf0", size = 843392, upload-time = "2026-03-23T15:37:40.594Z" },
    { url = "https://files.pythonhosted.org/packages/31/83/24f245a38bdcd5597cf8e2a91884312347eef4a1bdd0914416a353e07db2/vtracer-0.6.15-cp312-cp312-macosx_10_12_x86_64.whl", hash = "sha256:45d8be7043c98866bb68ae8e60706ea3bc6acdcc8423f5c2e28eb9238207411e", size = 1006035, upload-time = "2026-03-23T15:36:42.748Z" },
    { url = "https://files.pythonhosted.org/packages/c0/ad/1a375fc2362461e352cc4018e4880e3643d0c6064a03aa15f69646f20f2b/vtracer-0.6.15-cp312-cp312-macosx_11_0_arm64.whl", hash = "sha256:27a97dfbe9b6d334b2238823a860521f536be252586856b06f5f03199f0cd5d3", size = 949508, upload-time = "2026-03-23T15:38:09.634Z" },
    { url = "https://files.pythonhosted.org/packages/77/9c/5bc88216d69afaa27f4d8a5f42b0a3063668d868d849a76b77f95f8944cf/vtracer-0.6.15-cp312-cp312-manylinux_2_17_aarch64.manylinux2014_aarch64.whl", hash = "sha256:f39c2e8619f0831e31ee6aeb55f637f265ea94b6be704637ce00a093783bef4b", size = 1047068, upload-time = "2026-03-23T15:38:05.816Z" },
    { url = "https://files.pythonhosted.org/packages/08/30/21d5f49e150f802b2c90b0ac5786e01a2f5ee8474c6173f7863ec1abf46f/vtracer-0.6.15-cp312-cp312-manylinux_2_17_armv7l.manylinux2014_armv7l.whl", hash = "sha256:8f2ae668c7e500f016d506b9c1672ad7492aeb8ec53c585bedc7fb972a3dedf9", size = 1049237, upload-time = "2026-03-23T15:38:07.035Z" },
    { url = "https://files.pythonhosted.org/packages/48/9b/f577feb5fc31265ae5b4f5f513ac6d1236d6f5a05b530a910db1eed82df1/vtracer-0.6.15-cp312-cp312-manylinux_2_17_i686.manylinux2014_i686.whl", hash = "sha256:43228bf9567741e776ad650bb1250ccd82a4de31b36767bad8542889fe5ee372", size = 1184817, upload-time = "2026-03-23T15:37:51.921Z" },
    { url = "https://files.pythonhosted.org/packages/20/12/08fdf8b4e229d61ad8a3409ed06f777e4b2133e4ea94843f0c727b346e36/vtracer-0.6.15-cp312-cp312-manylinux_2_17_ppc64le.manylinux2014_ppc64le.whl", hash = "sha256:6f8b0de1479e294f90cdf85cf01a923a194c717b217d479f618462ab835c0872", size = 1247751, upload-time = "2026-03-23T15:36:51.836Z" },
    { url = "https://files.pythonhosted.org/packages/2c/c8/ceeac2a7dd0b0ad97a691eefbbcfb05f65e6861dfe1ebed5203dba5e6898/vtracer-0.6.15-cp312-cp312-manylinux_2_17_s390x.manylinux2014_s390x.whl", hash = "sha256:43d9292b5b108e5bfb6b52276c7b05602372e39c8f5a41096643466b50af3f80", size = 1084859, upload-time = "2026-03-23T15:37:35.158Z" },
    { url = "https://files.pythonhosted.org/packages/ff/72/b12534f2d335448bc98504610c8d57520e530dab840251871a72cbb6c227/vtracer-0.6.15-cp312-cp312-manylinux_2_17_x86_64.manylinux2014_x86_64.whl", hash = "sha256:cd19743a8dc3a67e1284f5f227c1483197ec3988687c53b5a1b3c52912db2a9e", size = 1089700, upload-time = "2026-03-23T15:37:47.818Z" },
    { url = "https://files.pythonhosted.org/packages/5a/d9/7accf84b550084114033d04ec1b68db25c91b46a4f2b450f133c1bf99d18/vtracer-0.6.15-cp312-cp312-musllinux_1_2_aarch64.whl", hash = "sha256:a2175e0932ec4095598e4f656e4be6ba570677a1a8f3917f5853b94fe09d2d32", size = 1222666, upload-time = "2026-03-23T15:37:53.261Z" },
    { url = "https://files.pythonhosted.org/packages/57/76/1dad66d414a63518789278a7f12d834dff36bb97d2be1be738e4a93838ce/vtracer-0.6.15-cp312-cp312-musllinux_1_2_armv7l.whl", hash = "sha256:c7f45b9439a28668fd77eb08693f895e3c894d6a3aad7ed66db59e70f1a4d3f0", size = 1325565, upload-time = "2026-03-23T15:38:16.955Z" },
    { url = "https://files.pythonhosted.org/packages/62/b7/22fcfe4f6655f3735d754ea3e5b491866c561e02ed33d13ea9742b6882e0/vtracer-0.6.15-cp312-cp312-musllinux_1_2_i686.whl", hash = "sha256:d0f694071016f737a99b4c1969b916a2ba3351d0dd49862ec4365101295d84cf", size = 1346973, upload-time = "2026-03-23T15:36:13.884Z" },
    { url = "https://files.pythonhosted.org/packages/2b/9d/888bc692670e71e54ea7c835ce20dd28c46b38990c9ed719b8e1b34983ed/vtracer-0.6.15-cp312-cp312-musllinux_1_2_x86_64.whl", hash = "sha256:20fa7c26495bd8501a185ae268bcf540d01c61749a4a1509e77bf0a1726ea53c", size = 1285855, upload-time = "2026-03-23T15:36:03.32Z" },
    { url = "https://files.pythonhosted.org/packages/b1/29/f2e54143938e229ead2c098488d8f92f3464d723a0f52efbf6237926b58f/vtracer-0.6.15-cp312-cp312-win_amd64.whl", hash = "sha256:b0f08b66734e41872d4ac343ed6d08870b3235346def3e112e10b3b2443e619e", size = 842765, upload-time = "2026-03-23T15:37:05.9Z" },
    { url = "https://files.pythonhosted.org/packages/95/32/d547e43f78446b9712da50ad21db534bb2770e32f11fc2289dd0dea02cea/vtracer-0.6.15-cp312-cp312-win_arm64.whl", hash = "sha256:17a1a4c3c65eff7b9405d11594a671b53fe5af2153efa96bf7b8a4155f20dcdc", size = 793127, upload-time = "2026-03-23T15:36:23.015Z" },
    { url = "https://files.pythonhosted.org/packages/7a/08/d346d09b58cf58d3209715a66de400645f9ca8bfcf7c2be7aa154e794646/vtracer-0.6.15-cp313-cp313-macosx_10_12_x86_64.whl", hash = "sha256:b07f46d2b501c4226471bce62f5d7ac39c0f16741893d8617381429bec1c7b3e", size = 1006035, upload-time = "2026-03-23T15:38:23.404Z" },
    { url = "https://files.pythonhosted.org/packages/41/ad/262a4c42aa0212972bc143868bfe30a167b61c0bf88ffb63765f617053f5/vtracer-0.6.15-cp313-cp313-macosx_11_0_arm64.whl", hash = "sha256:b9ebb19183075bfa803107f2f62e4fa789de6ce29e43e77b0d652b158e22eaec", size = 949503, upload-time = "2026-03-23T15:37:36.576Z" },
    { url = "https://files.pythonhosted.org/packages/52/e0/b28587d32f156ba7704da270b28d9e50b658dea3c087146b07cf5f3a2a12/vtracer-0.6.15-cp313-cp313-manylinux_2_17_aarch64.manylinux2014_aarch64.whl", hash = "sha256:6c76d3247d9d7c3a060a6aa6929ddb1922326b569d9cfde163c36278f1a31127", size = 1047068, upload-time = "2026-03-23T15:37:32.584Z" },
    { url = "https://files.pythonhosted.org/packages/fb/d8/d3b55f77bb60ba96762c39d8a7be6c7089d2ce7afacdec375c7e4da13533/vtracer-0.6.15-cp313-cp313-manylinux_2_17_armv7l.manylinux2014_armv7l.whl", hash = "sha256:033d588c2fd06a6a622eae084eb3499548e7c7f96708c6423c09bb1bd9a990c9", size = 1049238, upload-time = "2026-03-23T15:37:43.572Z" },
    { url = "https://files.pythonhosted.org/packages/72/91/627f0cb804beb85179def0c9d3c1ec97d16b2d51c665da6121d2321d4836/vtracer-0.6.15-cp313-cp313-manylinux_2_17_i686.manylinux2014_i686.whl", hash = "sha256:f3cc2c97bc8682d896f6dd0ae20f4db75d515c7403e8780104c99e060b0b1646", size = 1184816, upload-time = "2026-03-23T15:35:45.461Z" },
    { url = "https://files.pythonhosted.org/packages/5c/b0/3efb803715190804be7fd0643da7e5dbdb756a9d9cc6da59c30174a346cb/vtracer-0.6.15-cp313-cp313-manylinux_2_17_ppc64le.manylinux2014_ppc64le.whl", hash = "sha256:c3471de69c28c2f36345a0ec054d987d8be2f1e4dad38182804eb4e2346f1fbe", size = 1247751, upload-time = "2026-03-23T15:36:46.639Z" },
    { url = "https://files.pythonhosted.org/packages/97/ab/469291919b617452925563581bad334ac16e1be046db8e1398dc8a6e249f/vtracer-0.6.15-cp313-cp313-manylinux_2_17_s390x.manylinux2014_s390x.whl", hash = "sha256:d091923768078dc0f8825a1eedc529a365d37e7b536ac458349d8dcec318ed6b", size = 1084860, upload-time = "2026-03-23T15:38:12.373Z" },
    { url = "https://files.pythonhosted.org/packages/32/fd/918aa2f9fd0d2fd83dc66221885d8c0f1ee1b3945d304d84a094c837953b/vtracer-0.6.15-cp313-cp313-manylinux_2_17_x86_64.manylinux2014_x86_64.whl", hash = "sha256:d473452b53b359504aa229d944bbc24e609e5a01ee4766a99f8573f476918dd0", size = 1089701, upload-time = "2026-03-23T15:37:11.864Z" },
    { url = "https://files.pythonhosted.org/packages/4f/6f/718170cff2e5d2ddacf1b8586a00a394122466cef160546ec7341a8e4949/vtracer-0.6.15-cp313-cp313-musllinux_1_2_aarch64.whl", hash = "sha256:dca2d9b7a674b7572186f2d2ae816ecd6e5fe9f6569ad72d88c00734c80e0b2e", size = 1222668, upload-time = "2026-03-23T15:37:37.909Z" },
    { url = "https://files.pythonhosted.org/packages/f9/0b/20aa3d091443fe878bc7b6ca43afaa4489682486812580ff0ea0d0085df1/vtracer-0.6.15-cp313-cp313-musllinux_1_2_armv7l.whl", hash = "sha256:f1f6ca137cfe9eaa559fa1da2010d0bcb3e087903b5309b7c924265f580fc517", size = 1325565, upload-time = "2026-03-23T15:36:19.287Z" },
    { url = "https://files.pythonhosted.org/packages/a9/86/6126ef157592bd24a78207cbd63e0b2541642d0852ecfcf87534111963a0/vtracer-0.6.15-cp313-cp313-musllinux_1_2_i686.whl", hash = "sha256:5939c95010b0a9f8e21bc6df3450b294f80d82a58615cb548dd18ba671901da6", size = 1346973, upload-time = "2026-03-23T15:37:28.62Z" },
    { url = "https://files.pythonhosted.org/packages/7f/54/c6dbfc382e58c904f01bcdbf9456de91a48b03d2aab8698c3dbef8431fd0/vtracer-0.6.15-cp313-cp313-musllinux_1_2_x86_64.whl", hash = "sha256:cb2c44e789b0bcc0da2bec40051c2e6a4dcda01969ae7b802d1002af46b02033", size = 1285856, upload-time = "2026-03-23T15:35:48.667Z" },
    { url = "https://files.pythonhosted.org/packages/ff/5d/33f823a498b7fb16cf03a75fa36cf7df2c39be13c6a2aee76b67f795cf9b/vtracer-0.6.15-cp313-cp313-win32.whl", hash = "sha256:76c2b721ea5a30049d5b0ac75dd1e488b9236dbe6f21b411b4c81eef32884358", size = 806679, upload-time = "2026-03-23T15:36:34.048Z" },
    { url = "https://files.pythonhosted.org/packages/20/2b/9f6406dfbd26dd5a1f739662bb34a31a7734c01a19984c83229ba8af6eda/vtracer-0.6.15-cp313-cp313-win_amd64.whl", hash = "sha256:f9b5c9eb4c3b0fb977705799a0382625587dcf643666b343ff5a4c88a597ec31", size = 842763, upload-time = "2026-03-23T15:35:43.404Z" },
    { url = "https://files.pythonhosted.org/packages/1f/6e/6b5dcc20769181ab7a3336a6f9c8c17b48e443077a07f144dce93ed2fe60/vtracer-0.6.15-cp313-cp313-win_arm64.whl", hash = "sha256:9c039a5f1370e1a54a2977121f466bc5100462163a289ab08602b4af623bf7b7", size = 793124, upload-time = "2026-03-23T15:36:50.633Z" },
    { url = "https://files.pythonhosted.org/packages/58/84/8b269b73dd0b0f662dc11b6f9ae695ce98b98103cb9248c097e4c1d406f0/vtracer-0.6.15-cp314-cp314-macosx_10_12_x86_64.whl", hash = "sha256:51b9069e87ea022249352f585a2774a07db7434743b8ddae5e49761c33412ceb", size = 1006033, upload-time = "2026-03-23T15:37:59.839Z" },
    { url = "https://files.pythonhosted.org/packages/ca/c6/22c009b147de23fb8d1b18587ec303ab99fe4af423802185a2991a0a5bc4/vtracer-0.6.15-cp314-cp314-macosx_11_0_arm64.whl", hash = "sha256:a845d023d5704eb4edf017cb4e57cad2c7dec36d80160b7f6eab744ca8121e68", size = 949504, upload-time = "2026-03-23T15:37:55.065Z" },
    { url = "https://files.pythonhosted.org/packages/08/1a/a7764839a2e334f2c26ce48d126b937238e9dafd96002a1de8c53acb8faa/vtracer-0.6.15-cp314-cp314-manylinux_2_17_aarch64.manylinux2014_aarch64.whl", hash = "sha256:0081f8b233e8d661774252525f724d6f3e2eb4563bfe5a069daa4644cf79eebb", size = 1047067, upload-time = "2026-03-23T15:38:04.568Z" },
    { url = "https://files.pythonhosted.org/packages/5f/fb/e6c19073deb844ccfce2dc04485edf4894d60132255f962ca5b580ed1c07/vtracer-0.6.15-cp314-cp314-manylinux_2_17_armv7l.manylinux2014_armv7l.whl", hash = "sha256:e2b1c806b5f9d9904a24733437c619d3ee2796610326bdeda8f313bbdbbaece9", size = 1049236, upload-time = "2026-03-23T15:36:53.085Z" },
    { url = "https://files.pythonhosted.org/packages/8a/0e/76be6de2d151b9f81c129138d834859ecc1ae51756c113c8f7d1fdd5f574/vtracer-0.6.15-cp314-cp314-manylinux_2_17_i686.manylinux2014_i686.whl", hash = "sha256:56bad69b0b3885429bf268bfe701e125641dde66c1f652a33a8c2c2b67e058f2", size = 1184818, upload-time = "2026-03-23T15:36:16.747Z" },
    { url = "https://files.pythonhosted.org/packages/93/48/cb8c2eaa5a17df9ab0a3423f8b0f8f918d251c64cd2b79fad7768a8cda5a/vtracer-0.6.15-cp314-cp314-manylinux_2_17_ppc64le.manylinux2014_ppc64le.whl", hash = "sha256:5ad33eb200985886ae5ba81865fbcc7aedf7ba816ce83ce4042f1145d88dee1a", size = 1247752, upload-time = "2026-03-23T15:37:10.631Z" },
    { url = "https://files.pythonhosted.org/packages/a5/70/b002a7ac28f7672c4eed16e311234644ed4374d1cb1a05ddc14a2a497c7c/vtracer-0.6.15-cp314-cp314-manylinux_2_17_s390x.manylinux2014_s390x.whl", hash = "sha256:04a005f0aca7c3a8c226f8dab20a69cfeb3a5859a1a86357d01e850d9444133e", size = 1084860, upload-time = "2026-03-23T15:35:42.225Z" },
    { url = "https://files.pythonhosted.org/packages/62/47/9af590d5319433f976baaa9ae1bdd309a68ea5201403246a48d2ba827e39/vtracer-0.6.15-cp314-cp314-manylinux_2_17_x86_64.manylinux2014_x86_64.whl", hash = "sha256:e254fd9a9780d684d17772dc9c243a8739ab15c2f55455d4b96f2db7987b86e8", size = 1089700, upload-time = "2026-03-23T15:38:20.765Z" },
    { url = "https://files.pythonhosted.org/packages/fb/90/3dc4701bd8484228a7badc77491523dd5bf085c860147861f64bbcce9735/vtracer-0.6.15-cp314-cp314-musllinux_1_2_aarch64.whl", hash = "sha256:5841e720c69f0b90d7922c3e19f5b1f5ead374ab61d3c752c3beb146103e23fc", size = 1222668, upload-time = "2026-03-23T15:36:12.431Z" },
    { url = "https://files.pythonhosted.org/packages/13/ff/d650c0c7a75a03ad9b5f89b117ec9ef9fe1d7f55d51da5010590517b0c06/vtracer-0.6.15-cp314-cp314-musllinux_1_2_armv7l.whl", hash = "sha256:50eed917b2acf0c5a44568cee0359fc49cc9397605d06b87326e6c96be64bd8d", size = 1325566, upload-time = "2026-03-23T15:38:35.077Z" },
    { url = "https://files.pythonhosted.org/packages/03/80/b743fa17e57352235dd72dcf4f98699c84c71bb85c3614c4855fde0dccd5/vtracer-0.6.15-cp314-cp314-musllinux_1_2_i686.whl", hash = "sha256:0a84ae7f3fd4c334500be7e27e121f278b6d73425274f91d818e725ff68400ae", size = 1346973, upload-time = "2026-03-23T15:35:50.262Z" },
    { url = "https://files.pythonhosted.org/packages/45/15/cebd3926b023eb52f43286e5773d2bb9f4516817bf8d7b6352277d7c5149/vtracer-0.6.15-cp314-cp314-musllinux_1_2_x86_64.whl", hash = "sha256:11b69b8b813951eb6e5e000bd3170f43f407449815af5f6b3a7140202ceea71e", size = 1285855, upload-time = "2026-03-23T15:37:39.248Z" },
    { url = "https://files.pythonhosted.org/packages/fb/28/7a7211a4b2fef3438a914a7f1f457b1dad2c0c2c1379385278563ca06f36/vtracer-0.6.15-cp314-cp314-win_amd64.whl", hash = "sha256:acc2a26607d32ca46824cb8bd87c5a4e6c031d921d55fdbec8c0f13e7e684958", size = 842764, upload-time = "2026-03-23T15:37:18.554Z" },
    { url = "https://files.pythonhosted.org/packages/89/c0/f4e7bb0b931f55ad91b0b372e99c55cef8132360b8d1864d13dcfa7ad4f4/vtracer-0.6.15-cp314-cp314-win_arm64.whl", hash = "sha256:64e2aabc5d019593e7ab2bec42b3437d32e1ec494be0fbd37b5806fe18a60d6d", size = 793126, upload-time = "2026-03-23T15:37:29.837Z" },
    { url = "https://files.pythonhosted.org/packages/fb/d4/4c17c2d97ffb6d88e0942521783b056535725894c5fe8d987f07d18bef22/vtracer-0.6.15-pp311-pypy311_pp73-manylinux_2_17_aarch64.manylinux2014_aarch64.whl", hash = "sha256:cc319b70c1620cef29e80235196b1772563a2e9aa8291253369168acd16566a2", size = 1050070, upload-time = "2026-03-23T15:35:37.634Z" },
    { url = "https://files.pythonhosted.org/packages/8b/52/7d224d0ab60afe63f7271bcbd051ec850352f6e9622965ffedcfb43fca11/vtracer-0.6.15-pp311-pypy311_pp73-manylinux_2_17_armv7l.manylinux2014_armv7l.whl", hash = "sha256:9105faafb2aebb2dc81e579da731c6e26b5875b1a1cb6f7439c6906b9311c6a3", size = 1050320, upload-time = "2026-03-23T15:38:19.542Z" },
    { url = "https://files.pythonhosted.org/packages/d0/a4/e7a793f141144eb1aa725cc021553cfcf0901e1670ad31ce0fc8ab7832c7/vtracer-0.6.15-pp311-pypy311_pp73-manylinux_2_17_i686.manylinux2014_i686.whl", hash = "sha256:bef12130b5d0a29f1af0be704b7f44c5c42206b65d3dc6271965b7646401e11d", size = 1184933, upload-time = "2026-03-23T15:35:46.967Z" },
    { url = "https://files.pythonhosted.org/packages/ca/63/d60c90665b79a613c911cf585ad08e75021b3248dd270aaa394a495a7c96/vtracer-0.6.15-pp311-pypy311_pp73-manylinux_2_17_ppc64le.manylinux2014_ppc64le.whl", hash = "sha256:705728c325b964b88b7d3cb50b4add52075d19b050bc7cb55f2f9cf47debab9c", size = 1250195, upload-time = "2026-03-23T15:37:16.054Z" },
    { url = "https://files.pythonhosted.org/packages/c8/9f/c0d0da73bf846285c8dc2b280e29fba8637042ee8e0c17e5cb8f822226fa/vtracer-0.6.15-pp311-pypy311_pp73-manylinux_2_17_s390x.manylinux2014_s390x.whl", hash = "sha256:00961df6b11432ec6bf5f6341b700200692e4f534f004028c1d178fc03ba567e", size = 1086934, upload-time = "2026-03-23T15:38:10.853Z" },
    { url = "https://files.pythonhosted.org/packages/10/b1/25edfbd4d7574928bb0cb22e8518179f1f8314f57891d0c7e458d4cc8a54/vtracer-0.6.15-pp311-pypy311_pp73-manylinux_2_17_x86_64.manylinux2014_x86_64.whl", hash = "sha256:22e87e6b57f479978f3e94cf7cb87a015e191f43fd12ddf40490ce05c1ca8548", size = 1088266, upload-time = "2026-03-23T15:35:57.422Z" },
    { url = "https://files.pythonhosted.org/packages/b0/9d/87824ed0c36d30d5dad441629b96f50eb3f864771508ed3d21034b601ef7/vtracer-0.6.15-pp311-pypy311_pp73-musllinux_1_2_aarch64.whl", hash = "sha256:ce4c218d541683399f225eb2c8f92a90861acf0543ee76232bc4bb90baea3dca", size = 1224102, upload-time = "2026-03-23T15:37:13.143Z" },
    { url = "https://files.pythonhosted.org/packages/ca/f8/efca75353c0792f5e993742f70667318686c80c9c6e400a4f6dc0c49375c/vtracer-0.6.15-pp311-pypy311_pp73-musllinux_1_2_armv7l.whl", hash = "sha256:ae6274aa85bc89fd7ad18d192cbec2f07ee4b1f4ea5996dbcf7afdbf71117c52", size = 1326601, upload-time = "2026-03-23T15:36:20.472Z" },
    { url = "https://files.pythonhosted.org/packages/72/e4/7da03dab7f8cb99818418e8ea87a580690860f15d07bf045e5c31b5cab29/vtracer-0.6.15-pp311-pypy311_pp73-musllinux_1_2_i686.whl", hash = "sha256:7bb02f750ba4c1cba03c804f24a399e8fe82fd495bf457468972472a0849fb8a", size = 1347570, upload-time = "2026-03-23T15:36:21.773Z" },
    { url = "https://files.pythonhosted.org/packages/ae/42/82a7fa4c6e04b0a3a4f400bb2aea2d87eeb79a12613dd1b8b8395f0aba3a/vtracer-0.6.15-pp311-pypy311_pp73-musllinux_1_2_x86_64.whl", hash = "sha256:8cad896ba8fbf1f3270b8fd49bc0d7685cfedb161038d7bc0d3405ce98caf511", size = 1286010, upload-time = "2026-03-23T15:35:51.675Z" },
]
